
Microsoft Visual Studio Solution File, Format Version 12.00
# Visual Studio 15
VisualStudioVersion = 15.0.27428.1
MinimumVisualStudioVersion = 10.0.40219.1
Project("{FAE04EC0-301F-11D3-BF4B-00C04F79EFBC}") = "Aden.Web", "Aden.Web\Aden.Web.csproj", "{4DA0349A-364D-4E29-8B13-9667323CE2F7}"
EndProject
Project("{FAE04EC0-301F-11D3-BF4B-00C04F79EFBC}") = "Aden.Core", "Aden.Core\Aden.Core.csproj", "{F7E51D12-2AC6-462B-B229-196A1D3CE50F}"
EndProject
Project("{FAE04EC0-301F-11D3-BF4B-00C04F79EFBC}") = "Alsde.Mvc.Logging", "..\Alsde\Alsde.Mvc.Logging\Alsde.Mvc.Logging\Alsde.Mvc.Logging.csproj", "{5541F008-8C9F-4681-938A-D43C00919483}"
EndProject
Global
	GlobalSection(SolutionConfigurationPlatforms) = preSolution
		Debug|Any CPU = Debug|Any CPU
		Release|Any CPU = Release|Any CPU
	EndGlobalSection
	GlobalSection(ProjectConfigurationPlatforms) = postSolution
		{4DA0349A-364D-4E29-8B13-9667323CE2F7}.Debug|Any CPU.ActiveCfg = Debug|Any CPU
		{4DA0349A-364D-4E29-8B13-9667323CE2F7}.Debug|Any CPU.Build.0 = Debug|Any CPU
		{4DA0349A-364D-4E29-8B13-9667323CE2F7}.Release|Any CPU.ActiveCfg = Release|Any CPU
		{4DA0349A-364D-4E29-8B13-9667323CE2F7}.Release|Any CPU.Build.0 = Release|Any CPU
		{F7E51D12-2AC6-462B-B229-196A1D3CE50F}.Debug|Any CPU.ActiveCfg = Debug|Any CPU
		{F7E51D12-2AC6-462B-B229-196A1D3CE50F}.Debug|Any CPU.Build.0 = Debug|Any CPU
		{F7E51D12-2AC6-462B-B229-196A1D3CE50F}.Release|Any CPU.ActiveCfg = Release|Any CPU
		{F7E51D12-2AC6-462B-B229-196A1D3CE50F}.Release|Any CPU.Build.0 = Release|Any CPU
		{5541F008-8C9F-4681-938A-D43C00919483}.Debug|Any CPU.ActiveCfg = Debug|Any CPU
		{5541F008-8C9F-4681-938A-D43C00919483}.Debug|Any CPU.Build.0 = Debug|Any CPU
		{5541F008-8C9F-4681-938A-D43C00919483}.Release|Any CPU.ActiveCfg = Release|Any CPU
		{5541F008-8C9F-4681-938A-D43C00919483}.Release|Any CPU.Build.0 = Release|Any CPU
	EndGlobalSection
	GlobalSection(SolutionProperties) = preSolution
		HideSolutionNode = FALSE
	EndGlobalSection
	GlobalSection(ExtensibilityGlobals) = postSolution
		SolutionGuid = {43FD184F-A0C0-4C0A-A2E1-82B0C23534A7}
	EndGlobalSection
EndGlobal
